
Microsoft Visual Studio Solution File, Format Version 12.00
# Visual Studio Version 16
VisualStudioVersion = 16.0.29424.173
MinimumVisualStudioVersion = 10.0.40219.1
Project("{9A19103F-16F7-4668-BE54-9A1E7A4F7556}") = "GameMaster", "GameMaster\GameMaster.csproj", "{EBC22EA5-65B5-405E-83AF-E850775C63BD}"
EndProject
Project("{9A19103F-16F7-4668-BE54-9A1E7A4F7556}") = "GameMasterTests", "GameMasterTests\GameMasterTests.csproj", "{FB5F97E3-046A-4B8F-8667-6CCC0922F8F7}"
EndProject
Global
	GlobalSection(SolutionConfigurationPlatforms) = preSolution
		Debug|Any CPU = Debug|Any CPU
		Release|Any CPU = Release|Any CPU
	EndGlobalSection
	GlobalSection(ProjectConfigurationPlatforms) = postSolution
		{EBC22EA5-65B5-405E-83AF-E850775C63BD}.Debug|Any CPU.ActiveCfg = Debug|Any CPU
		{EBC22EA5-65B5-405E-83AF-E850775C63BD}.Debug|Any CPU.Build.0 = Debug|Any CPU
		{EBC22EA5-65B5-405E-83AF-E850775C63BD}.Release|Any CPU.ActiveCfg = Release|Any CPU
		{EBC22EA5-65B5-405E-83AF-E850775C63BD}.Release|Any CPU.Build.0 = Release|Any CPU
		{FB5F97E3-046A-4B8F-8667-6CCC0922F8F7}.Debug|Any CPU.ActiveCfg = Debug|Any CPU
		{FB5F97E3-046A-4B8F-8667-6CCC0922F8F7}.Debug|Any CPU.Build.0 = Debug|Any CPU
		{FB5F97E3-046A-4B8F-8667-6CCC0922F8F7}.Release|Any CPU.ActiveCfg = Release|Any CPU
		{FB5F97E3-046A-4B8F-8667-6CCC0922F8F7}.Release|Any CPU.Build.0 = Release|Any CPU
		{5E3CFE64-A9C5-4537-8D95-8DA55D585C64}.Debug|Any CPU.ActiveCfg = Debug|Any CPU
		{5E3CFE64-A9C5-4537-8D95-8DA55D585C64}.Debug|Any CPU.Build.0 = Debug|Any CPU
		{5E3CFE64-A9C5-4537-8D95-8DA55D585C64}.Release|Any CPU.ActiveCfg = Release|Any CPU
		{5E3CFE64-A9C5-4537-8D95-8DA55D585C64}.Release|Any CPU.Build.0 = Release|Any CPU
	EndGlobalSection
	GlobalSection(SolutionProperties) = preSolution
		HideSolutionNode = FALSE
	EndGlobalSection
	GlobalSection(ExtensibilityGlobals) = postSolution
		SolutionGuid = {837F0633-843E-413B-AC8A-C53A053A70AC}
	EndGlobalSection
EndGlobal
