
Microsoft Visual Studio Solution File, Format Version 12.00
# Visual Studio Version 16
VisualStudioVersion = 16.0.29424.173
MinimumVisualStudioVersion = 10.0.40219.1
Project("{9A19103F-16F7-4668-BE54-9A1E7A4F7556}") = "Agent", "Agent\Agent.csproj", "{6E59E33F-4FF7-47AB-BA76-4D3DA6546115}"
EndProject
Project("{9A19103F-16F7-4668-BE54-9A1E7A4F7556}") = "CommunicationLibrary", "..\CommunicationLibrary\CommunicationLibrary\CommunicationLibrary.csproj", "{D6C9DAA8-418E-4ED7-8EF5-FEDAF3C15E81}"
EndProject
Project("{9A19103F-16F7-4668-BE54-9A1E7A4F7556}") = "AgentTests", "AgentTests\AgentTests.csproj", "{F067DB35-2EB0-4394-BC29-B020D48E1C9D}"
EndProject
Project("{FAE04EC0-301F-11D3-BF4B-00C04F79EFBC}") = "AgentIntegrationTests", "AgentIntegrationTests\AgentIntegrationTests.csproj", "{ADB37E1C-E5FB-4944-8CED-B112723D2EAA}"
EndProject
Global
	GlobalSection(SolutionConfigurationPlatforms) = preSolution
		Debug|Any CPU = Debug|Any CPU
		Release|Any CPU = Release|Any CPU
	EndGlobalSection
	GlobalSection(ProjectConfigurationPlatforms) = postSolution
		{6E59E33F-4FF7-47AB-BA76-4D3DA6546115}.Debug|Any CPU.ActiveCfg = Debug|Any CPU
		{6E59E33F-4FF7-47AB-BA76-4D3DA6546115}.Debug|Any CPU.Build.0 = Debug|Any CPU
		{6E59E33F-4FF7-47AB-BA76-4D3DA6546115}.Release|Any CPU.ActiveCfg = Release|Any CPU
		{6E59E33F-4FF7-47AB-BA76-4D3DA6546115}.Release|Any CPU.Build.0 = Release|Any CPU
		{D6C9DAA8-418E-4ED7-8EF5-FEDAF3C15E81}.Debug|Any CPU.ActiveCfg = Debug|Any CPU
		{D6C9DAA8-418E-4ED7-8EF5-FEDAF3C15E81}.Debug|Any CPU.Build.0 = Debug|Any CPU
		{D6C9DAA8-418E-4ED7-8EF5-FEDAF3C15E81}.Release|Any CPU.ActiveCfg = Release|Any CPU
		{D6C9DAA8-418E-4ED7-8EF5-FEDAF3C15E81}.Release|Any CPU.Build.0 = Release|Any CPU
		{F067DB35-2EB0-4394-BC29-B020D48E1C9D}.Debug|Any CPU.ActiveCfg = Debug|Any CPU
		{F067DB35-2EB0-4394-BC29-B020D48E1C9D}.Debug|Any CPU.Build.0 = Debug|Any CPU
		{F067DB35-2EB0-4394-BC29-B020D48E1C9D}.Release|Any CPU.ActiveCfg = Release|Any CPU
		{F067DB35-2EB0-4394-BC29-B020D48E1C9D}.Release|Any CPU.Build.0 = Release|Any CPU
		{ADB37E1C-E5FB-4944-8CED-B112723D2EAA}.Debug|Any CPU.ActiveCfg = Debug|Any CPU
		{ADB37E1C-E5FB-4944-8CED-B112723D2EAA}.Debug|Any CPU.Build.0 = Debug|Any CPU
		{ADB37E1C-E5FB-4944-8CED-B112723D2EAA}.Release|Any CPU.ActiveCfg = Release|Any CPU
		{ADB37E1C-E5FB-4944-8CED-B112723D2EAA}.Release|Any CPU.Build.0 = Release|Any CPU
	EndGlobalSection
	GlobalSection(SolutionProperties) = preSolution
		HideSolutionNode = FALSE
	EndGlobalSection
	GlobalSection(ExtensibilityGlobals) = postSolution
		SolutionGuid = {3402D96B-E359-402E-807F-349D896696E4}
	EndGlobalSection
EndGlobal
